<?xml version="1.0" encoding="UTF-8"?>
<Scheme
   version = "1.3">
   <BuildAction>
      <BuildActionEntries>
         <BuildActionEntry
            buildForRunning = "YES">
            <BuildableReference
               BuildableIdentifier = "primary"
               BlueprintIdentifier = "C9286AE12913B55A00B8E0A1"
               BuildableName = "ConsumerAndProduserMultithreding"
               BlueprintName = "ConsumerAndProduserMultithreding"
               ReferencedContainer = "container:ConsumerAndProduserMultithreding.xcodeproj">
            </BuildableReference>
         </BuildActionEntry>
      </BuildActionEntries>
   </BuildAction>
   <LaunchAction
      useCustomWorkingDirectory = "NO"
      buildConfiguration = "Debug"
      allowLocationSimulation = "YES">
      <BuildableProductRunnable>
         <BuildableReference
            BuildableIdentifier = "primary"
            BlueprintIdentifier = "C9286AE12913B55A00B8E0A1"
            BuildableName = "ConsumerAndProduserMultithreding"
            BlueprintName = "ConsumerAndProduserMultithreding"
            ReferencedContainer = "container:ConsumerAndProduserMultithreding.xcodeproj">
         </BuildableReference>
      </BuildableProductRunnable>
   </LaunchAction>
</Scheme>
